
Microsoft Visual Studio Solution File, Format Version 12.00
# Visual Studio Version 17
VisualStudioVersion = 17.13.35825.156 d17.13
MinimumVisualStudioVersion = 10.0.40219.1
Project("{FAE04EC0-301F-11D3-BF4B-00C04F79EFBC}") = "Todo", "Todo\Todo.csproj", "{024A0D7A-D358-43AC-9CE7-A1E75CC27517}"
EndProject
Global
	GlobalSection(SolutionConfigurationPlatforms) = preSolution
		Debug|Any CPU = Debug|Any CPU
		Release|Any CPU = Release|Any CPU
	EndGlobalSection
	GlobalSection(ProjectConfigurationPlatforms) = postSolution
		{024A0D7A-D358-43AC-9CE7-A1E75CC27517}.Debug|Any CPU.ActiveCfg = Debug|Any CPU
		{024A0D7A-D358-43AC-9CE7-A1E75CC27517}.Debug|Any CPU.Build.0 = Debug|Any CPU
		{024A0D7A-D358-43AC-9CE7-A1E75CC27517}.Release|Any CPU.ActiveCfg = Release|Any CPU
		{024A0D7A-D358-43AC-9CE7-A1E75CC27517}.Release|Any CPU.Build.0 = Release|Any CPU
	EndGlobalSection
	GlobalSection(SolutionProperties) = preSolution
		HideSolutionNode = FALSE
	EndGlobalSection
	GlobalSection(ExtensibilityGlobals) = postSolution
		SolutionGuid = {559D2C05-3EFC-429B-83FC-727BC7365606}
	EndGlobalSection
EndGlobal
